
Microsoft Visual Studio Solution File, Format Version 12.00
# Visual Studio Version 16
VisualStudioVersion = 16.0.30406.217
MinimumVisualStudioVersion = 15.0.26124.0
Project("{2150E333-8FDC-42A3-9474-1A3956D46DE8}") = ".paket", ".paket", "{A8446F63-889E-443E-8972-59E7C5D799FC}"
	ProjectSection(SolutionItems) = preProject
		paket.dependencies = paket.dependencies
	EndProjectSection
EndProject
Project("{6EC3EE1D-3C4E-46DD-8F32-0CC8E7565705}") = "FeX.Core", "Fex.Core\FeX.Core.fsproj", "{DE33B5DF-5BA0-4A2D-AA87-8FD77C58DFDA}"
EndProject
Project("{6EC3EE1D-3C4E-46DD-8F32-0CC8E7565705}") = "FeX.Core.Tests", "FeX.Core.Tests\FeX.Core.Tests.fsproj", "{5BEB4DC3-23DF-4113-90F9-18197C6E2C77}"
EndProject
Project("{6EC3EE1D-3C4E-46DD-8F32-0CC8E7565705}") = "Fex.Game", "FeX.Game\Fex.Game.fsproj", "{6411659B-5655-4A81-8117-F80B22AC7372}"
EndProject
Global
	GlobalSection(SolutionConfigurationPlatforms) = preSolution
		Debug|Any CPU = Debug|Any CPU
		Debug|x64 = Debug|x64
		Debug|x86 = Debug|x86
		Release|Any CPU = Release|Any CPU
		Release|x64 = Release|x64
		Release|x86 = Release|x86
	EndGlobalSection
	GlobalSection(ProjectConfigurationPlatforms) = postSolution
		{DE33B5DF-5BA0-4A2D-AA87-8FD77C58DFDA}.Debug|Any CPU.ActiveCfg = Debug|Any CPU
		{DE33B5DF-5BA0-4A2D-AA87-8FD77C58DFDA}.Debug|Any CPU.Build.0 = Debug|Any CPU
		{DE33B5DF-5BA0-4A2D-AA87-8FD77C58DFDA}.Debug|x64.ActiveCfg = Debug|Any CPU
		{DE33B5DF-5BA0-4A2D-AA87-8FD77C58DFDA}.Debug|x64.Build.0 = Debug|Any CPU
		{DE33B5DF-5BA0-4A2D-AA87-8FD77C58DFDA}.Debug|x86.ActiveCfg = Debug|Any CPU
		{DE33B5DF-5BA0-4A2D-AA87-8FD77C58DFDA}.Debug|x86.Build.0 = Debug|Any CPU
		{DE33B5DF-5BA0-4A2D-AA87-8FD77C58DFDA}.Release|Any CPU.ActiveCfg = Release|Any CPU
		{DE33B5DF-5BA0-4A2D-AA87-8FD77C58DFDA}.Release|Any CPU.Build.0 = Release|Any CPU
		{DE33B5DF-5BA0-4A2D-AA87-8FD77C58DFDA}.Release|x64.ActiveCfg = Release|Any CPU
		{DE33B5DF-5BA0-4A2D-AA87-8FD77C58DFDA}.Release|x64.Build.0 = Release|Any CPU
		{DE33B5DF-5BA0-4A2D-AA87-8FD77C58DFDA}.Release|x86.ActiveCfg = Release|Any CPU
		{DE33B5DF-5BA0-4A2D-AA87-8FD77C58DFDA}.Release|x86.Build.0 = Release|Any CPU
		{5BEB4DC3-23DF-4113-90F9-18197C6E2C77}.Debug|Any CPU.ActiveCfg = Debug|Any CPU
		{5BEB4DC3-23DF-4113-90F9-18197C6E2C77}.Debug|Any CPU.Build.0 = Debug|Any CPU
		{5BEB4DC3-23DF-4113-90F9-18197C6E2C77}.Debug|x64.ActiveCfg = Debug|Any CPU
		{5BEB4DC3-23DF-4113-90F9-18197C6E2C77}.Debug|x64.Build.0 = Debug|Any CPU
		{5BEB4DC3-23DF-4113-90F9-18197C6E2C77}.Debug|x86.ActiveCfg = Debug|Any CPU
		{5BEB4DC3-23DF-4113-90F9-18197C6E2C77}.Debug|x86.Build.0 = Debug|Any CPU
		{5BEB4DC3-23DF-4113-90F9-18197C6E2C77}.Release|Any CPU.ActiveCfg = Release|Any CPU
		{5BEB4DC3-23DF-4113-90F9-18197C6E2C77}.Release|Any CPU.Build.0 = Release|Any CPU
		{5BEB4DC3-23DF-4113-90F9-18197C6E2C77}.Release|x64.ActiveCfg = Release|Any CPU
		{5BEB4DC3-23DF-4113-90F9-18197C6E2C77}.Release|x64.Build.0 = Release|Any CPU
		{5BEB4DC3-23DF-4113-90F9-18197C6E2C77}.Release|x86.ActiveCfg = Release|Any CPU
		{5BEB4DC3-23DF-4113-90F9-18197C6E2C77}.Release|x86.Build.0 = Release|Any CPU
		{6411659B-5655-4A81-8117-F80B22AC7372}.Debug|Any CPU.ActiveCfg = Debug|Any CPU
		{6411659B-5655-4A81-8117-F80B22AC7372}.Debug|Any CPU.Build.0 = Debug|Any CPU
		{6411659B-5655-4A81-8117-F80B22AC7372}.Debug|x64.ActiveCfg = Debug|Any CPU
		{6411659B-5655-4A81-8117-F80B22AC7372}.Debug|x64.Build.0 = Debug|Any CPU
		{6411659B-5655-4A81-8117-F80B22AC7372}.Debug|x86.ActiveCfg = Debug|Any CPU
		{6411659B-5655-4A81-8117-F80B22AC7372}.Debug|x86.Build.0 = Debug|Any CPU
		{6411659B-5655-4A81-8117-F80B22AC7372}.Release|Any CPU.ActiveCfg = Release|Any CPU
		{6411659B-5655-4A81-8117-F80B22AC7372}.Release|Any CPU.Build.0 = Release|Any CPU
		{6411659B-5655-4A81-8117-F80B22AC7372}.Release|x64.ActiveCfg = Release|Any CPU
		{6411659B-5655-4A81-8117-F80B22AC7372}.Release|x64.Build.0 = Release|Any CPU
		{6411659B-5655-4A81-8117-F80B22AC7372}.Release|x86.ActiveCfg = Release|Any CPU
		{6411659B-5655-4A81-8117-F80B22AC7372}.Release|x86.Build.0 = Release|Any CPU
	EndGlobalSection
	GlobalSection(SolutionProperties) = preSolution
		HideSolutionNode = FALSE
	EndGlobalSection
	GlobalSection(ExtensibilityGlobals) = postSolution
		SolutionGuid = {F48D0953-5F94-4DC6-935A-D205690CBADA}
	EndGlobalSection
EndGlobal
